
Microsoft Visual Studio Solution File, Format Version 12.00
# Visual Studio Version 16
VisualStudioVersion = 16.0.30517.126
MinimumVisualStudioVersion = 10.0.40219.1
Project("{FAE04EC0-301F-11D3-BF4B-00C04F79EFBC}") = "HelloWorld", "HelloWorld\HelloWorld.csproj", "{C0D649DB-5894-49D4-8F91-00EAC60BDE4C}"
EndProject
Global
	GlobalSection(SolutionConfigurationPlatforms) = preSolution
		Debug|Any CPU = Debug|Any CPU
		Release|Any CPU = Release|Any CPU
	EndGlobalSection
	GlobalSection(ProjectConfigurationPlatforms) = postSolution
		{C0D649DB-5894-49D4-8F91-00EAC60BDE4C}.Debug|Any CPU.ActiveCfg = Debug|Any CPU
		{C0D649DB-5894-49D4-8F91-00EAC60BDE4C}.Debug|Any CPU.Build.0 = Debug|Any CPU
		{C0D649DB-5894-49D4-8F91-00EAC60BDE4C}.Release|Any CPU.ActiveCfg = Release|Any CPU
		{C0D649DB-5894-49D4-8F91-00EAC60BDE4C}.Release|Any CPU.Build.0 = Release|Any CPU
	EndGlobalSection
	GlobalSection(SolutionProperties) = preSolution
		HideSolutionNode = FALSE
	EndGlobalSection
	GlobalSection(ExtensibilityGlobals) = postSolution
		SolutionGuid = {09E93330-69D6-44CB-BA02-D0410563F224}
	EndGlobalSection
EndGlobal
